// !$*UTF8*$!
{
	archiveVersion = 1;
	classes = {
	};
	objectVersion = 46;
	objects = {

/* Begin PBXBuildFile section */
		BBFB32BC19FA1F7F00FC0855 /* TutorialTableViewController.swift in Sources */ = {isa = PBXBuildFile; fileRef = BBFB32BB19FA1F7F00FC0855 /* TutorialTableViewController.swift */; };
		EDA3843D19F97D3A0006A016 /* AppDelegate.swift in Sources */ = {isa = PBXBuildFile; fileRef = EDA3843C19F97D3A0006A016 /* AppDelegate.swift */; };
		EDA3844019F97D3A0006A016 /* HazirlikApp.xcdatamodeld in Sources */ = {isa = PBXBuildFile; fileRef = EDA3843E19F97D3A0006A016 /* HazirlikApp.xcdatamodeld */; };
		EDA3844219F97D3A0006A016 /* ViewController.swift in Sources */ = {isa = PBXBuildFile; fileRef = EDA3844119F97D3A0006A016 /* ViewController.swift */; };
		EDA3844519F97D3A0006A016 /* Main.storyboard in Resources */ = {isa = PBXBuildFile; fileRef = EDA3844319F97D3A0006A016 /* Main.storyboard */; };
		EDA3844719F97D3A0006A016 /* Images.xcassets in Resources */ = {isa = PBXBuildFile; fileRef = EDA3844619F97D3A0006A016 /* Images.xcassets */; };
		EDA3844A19F97D3A0006A016 /* LaunchScreen.xib in Resources */ = {isa = PBXBuildFile; fileRef = EDA3844819F97D3A0006A016 /* LaunchScreen.xib */; };
		EDA3845619F97D3B0006A016 /* HazirlikAppTests.swift in Sources */ = {isa = PBXBuildFile; fileRef = EDA3845519F97D3B0006A016 /* HazirlikAppTests.swift */; };
		EDA3846019F97F320006A016 /* HomeViewController.swift in Sources */ = {isa = PBXBuildFile; fileRef = EDA3845F19F97F320006A016 /* HomeViewController.swift */; };
/* End PBXBuildFile section */

/* Begin PBXContainerItemProxy section */
		EDA3845019F97D3B0006A016 /* PBXContainerItemProxy */ = {
			isa = PBXContainerItemProxy;
			containerPortal = EDA3842F19F97D3A0006A016 /* Project object */;
			proxyType = 1;
			remoteGlobalIDString = EDA3843619F97D3A0006A016;
			remoteInfo = HazirlikApp;
		};
/* End PBXContainerItemProxy section */

/* Begin PBXFileReference section */
		BBFB32BB19FA1F7F00FC0855 /* TutorialTableViewController.swift */ = {isa = PBXFileReference; fileEncoding = 4; lastKnownFileType = sourcecode.swift; path = TutorialTableViewController.swift; sourceTree = "<group>"; };
		EDA3843719F97D3A0006A016 /* HazirlikApp.app */ = {isa = PBXFileReference; explicitFileType = wrapper.application; includeInIndex = 0; path = HazirlikApp.app; sourceTree = BUILT_PRODUCTS_DIR; };
		EDA3843B19F97D3A0006A016 /* Info.plist */ = {isa = PBXFileReference; lastKnownFileType = text.plist.xml; path = Info.plist; sourceTree = "<group>"; };
		EDA3843C19F97D3A0006A016 /* AppDelegate.swift */ = {isa = PBXFileReference; lastKnownFileType = sourcecode.swift; path = AppDelegate.swift; sourceTree = "<group>"; };
		EDA3843F19F97D3A0006A016 /* HazirlikApp.xcdatamodel */ = {isa = PBXFileReference; lastKnownFileType = wrapper.xcdatamodel; path = HazirlikApp.xcdatamodel; sourceTree = "<group>"; };
		EDA3844119F97D3A0006A016 /* ViewController.swift */ = {isa = PBXFileReference; lastKnownFileType = sourcecode.swift; path = ViewController.swift; sourceTree = "<group>"; };
		EDA3844419F97D3A0006A016 /* Base */ = {isa = PBXFileReference; lastKnownFileType = file.storyboard; name = Base; path = Base.lproj/Main.storyboard; sourceTree = "<group>"; };
		EDA3844619F97D3A0006A016 /* Images.xcassets */ = {isa = PBXFileReference; lastKnownFileType = folder.assetcatalog; path = Images.xcassets; sourceTree = "<group>"; };
		EDA3844919F97D3A0006A016 /* Base */ = {isa = PBXFileReference; lastKnownFileType = file.xib; name = Base; path = Base.lproj/LaunchScreen.xib; sourceTree = "<group>"; };
		EDA3844F19F97D3B0006A016 /* HazirlikAppTests.xctest */ = {isa = PBXFileReference; explicitFileType = wrapper.cfbundle; includeInIndex = 0; path = HazirlikAppTests.xctest; sourceTree = BUILT_PRODUCTS_DIR; };
		EDA3845419F97D3B0006A016 /* Info.plist */ = {isa = PBXFileReference; lastKnownFileType = text.plist.xml; path = Info.plist; sourceTree = "<group>"; };
		EDA3845519F97D3B0006A016 /* HazirlikAppTests.swift */ = {isa = PBXFileReference; lastKnownFileType = sourcecode.swift; path = HazirlikAppTests.swift; sourceTree = "<group>"; };
		EDA3845F19F97F320006A016 /* HomeViewController.swift */ = {isa = PBXFileReference; fileEncoding = 4; lastKnownFileType = sourcecode.swift; path = HomeViewController.swift; sourceTree = "<group>"; };
/* End PBXFileReference section */

/* Begin PBXFrameworksBuildPhase section */
		EDA3843419F97D3A0006A016 /* Frameworks */ = {
			isa = PBXFrameworksBuildPhase;
			buildActionMask = 2147483647;
			files = (
			);
			runOnlyForDeploymentPostprocessing = 0;
		};
		EDA3844C19F97D3B0006A016 /* Frameworks */ = {
			isa = PBXFrameworksBuildPhase;
			buildActionMask = 2147483647;
			files = (
			);
			runOnlyForDeploymentPostprocessing = 0;
		};
/* End PBXFrameworksBuildPhase section */

/* Begin PBXGroup section */
		EDA3842E19F97D3A0006A016 = {
			isa = PBXGroup;
			children = (
				EDA3843919F97D3A0006A016 /* HazirlikApp */,
				EDA3845219F97D3B0006A016 /* HazirlikAppTests */,
				EDA3843819F97D3A0006A016 /* Products */,
			);
			sourceTree = "<group>";
		};
		EDA3843819F97D3A0006A016 /* Products */ = {
			isa = PBXGroup;
			children = (
				EDA3843719F97D3A0006A016 /* HazirlikApp.app */,
				EDA3844F19F97D3B0006A016 /* HazirlikAppTests.xctest */,
			);
			name = Products;
			sourceTree = "<group>";
		};
		EDA3843919F97D3A0006A016 /* HazirlikApp */ = {
			isa = PBXGroup;
			children = (
				EDA3843C19F97D3A0006A016 /* AppDelegate.swift */,
				EDA3844119F97D3A0006A016 /* ViewController.swift */,
				EDA3844319F97D3A0006A016 /* Main.storyboard */,
				EDA3844619F97D3A0006A016 /* Images.xcassets */,
				EDA3844819F97D3A0006A016 /* LaunchScreen.xib */,
				EDA3843E19F97D3A0006A016 /* HazirlikApp.xcdatamodeld */,
				EDA3843A19F97D3A0006A016 /* Supporting Files */,
				EDA3845F19F97F320006A016 /* HomeViewController.swift */,
				BBFB32BB19FA1F7F00FC0855 /* TutorialTableViewController.swift */,
			);
			path = HazirlikApp;
			sourceTree = "<group>";
		};
		EDA3843A19F97D3A0006A016 /* Supporting Files */ = {
			isa = PBXGroup;
			children = (
				EDA3843B19F97D3A0006A016 /* Info.plist */,
			);
			name = "Supporting Files";
			sourceTree = "<group>";
		};
		EDA3845219F97D3B0006A016 /* HazirlikAppTests */ = {
			isa = PBXGroup;
			children = (
				EDA3845519F97D3B0006A016 /* HazirlikAppTests.swift */,
				EDA3845319F97D3B0006A016 /* Supporting Files */,
			);
			path = HazirlikAppTests;
			sourceTree = "<group>";
		};
		EDA3845319F97D3B0006A016 /* Supporting Files */ = {
			isa = PBXGroup;
			children = (
				EDA3845419F97D3B0006A016 /* Info.plist */,
			);
			name = "Supporting Files";
			sourceTree = "<group>";
		};
/* End PBXGroup section */

/* Begin PBXNativeTarget section */
		EDA3843619F97D3A0006A016 /* HazirlikApp */ = {
			isa = PBXNativeTarget;
			buildConfigurationList = EDA3845919F97D3B0006A016 /* Build configuration list for PBXNativeTarget "HazirlikApp" */;
			buildPhases = (
				EDA3843319F97D3A0006A016 /* Sources */,
				EDA3843419F97D3A0006A016 /* Frameworks */,
				EDA3843519F97D3A0006A016 /* Resources */,
			);
			buildRules = (
			);
			dependencies = (
			);
			name = HazirlikApp;
			productName = HazirlikApp;
			productReference = EDA3843719F97D3A0006A016 /* HazirlikApp.app */;
			productType = "com.apple.product-type.application";
		};
		EDA3844E19F97D3B0006A016 /* HazirlikAppTests */ = {
			isa = PBXNativeTarget;
			buildConfigurationList = EDA3845C19F97D3B0006A016 /* Build configuration list for PBXNativeTarget "HazirlikAppTests" */;
			buildPhases = (
				EDA3844B19F97D3B0006A016 /* Sources */,
				EDA3844C19F97D3B0006A016 /* Frameworks */,
				EDA3844D19F97D3B0006A016 /* Resources */,
			);
			buildRules = (
			);
			dependencies = (
				EDA3845119F97D3B0006A016 /* PBXTargetDependency */,
			);
			name = HazirlikAppTests;
			productName = HazirlikAppTests;
			productReference = EDA3844F19F97D3B0006A016 /* HazirlikAppTests.xctest */;
			productType = "com.apple.product-type.bundle.unit-test";
		};
/* End PBXNativeTarget section */

/* Begin PBXProject section */
		EDA3842F19F97D3A0006A016 /* Project object */ = {
			isa = PBXProject;
			attributes = {
				LastUpgradeCheck = 0610;
				ORGANIZATIONNAME = "Can Özdemir";
				TargetAttributes = {
					EDA3843619F97D3A0006A016 = {
						CreatedOnToolsVersion = 6.1;
					};
					EDA3844E19F97D3B0006A016 = {
						CreatedOnToolsVersion = 6.1;
						TestTargetID = EDA3843619F97D3A0006A016;
					};
				};
			};
			buildConfigurationList = EDA3843219F97D3A0006A016 /* Build configuration list for PBXProject "HazirlikApp" */;
			compatibilityVersion = "Xcode 3.2";
			developmentRegion = English;
			hasScannedForEncodings = 0;
			knownRegions = (
				en,
				Base,
			);
			mainGroup = EDA3842E19F97D3A0006A016;
			productRefGroup = EDA3843819F97D3A0006A016 /* Products */;
			projectDirPath = "";
			projectRoot = "";
			targets = (
				EDA3843619F97D3A0006A016 /* HazirlikApp */,
				EDA3844E19F97D3B0006A016 /* HazirlikAppTests */,
			);
		};
/* End PBXProject section */

/* Begin PBXResourcesBuildPhase section */
		EDA3843519F97D3A0006A016 /* Resources */ = {
			isa = PBXResourcesBuildPhase;
			buildActionMask = 2147483647;
			files = (
				EDA3844519F97D3A0006A016 /* Main.storyboard in Resources */,
				EDA3844A19F97D3A0006A016 /* LaunchScreen.xib in Resources */,
				EDA3844719F97D3A0006A016 /* Images.xcassets in Resources */,
			);
			runOnlyForDeploymentPostprocessing = 0;
		};
		EDA3844D19F97D3B0006A016 /* Resources */ = {
			isa = PBXResourcesBuildPhase;
			buildActionMask = 2147483647;
			files = (
			);
			runOnlyForDeploymentPostprocessing = 0;
		};
/* End PBXResourcesBuildPhase section */

/* Begin PBXSourcesBuildPhase section */
		EDA3843319F97D3A0006A016 /* Sources */ = {
			isa = PBXSourcesBuildPhase;
			buildActionMask = 2147483647;
			files = (
				EDA3844219F97D3A0006A016 /* ViewController.swift in Sources */,
				EDA3843D19F97D3A0006A016 /* AppDelegate.swift in Sources */,
				EDA3844019F97D3A0006A016 /* HazirlikApp.xcdatamodeld in Sources */,
				BBFB32BC19FA1F7F00FC0855 /* TutorialTableViewController.swift in Sources */,
				EDA3846019F97F320006A016 /* HomeViewController.swift in Sources */,
			);
			runOnlyForDeploymentPostprocessing = 0;
		};
		EDA3844B19F97D3B0006A016 /* Sources */ = {
			isa = PBXSourcesBuildPhase;
			buildActionMask = 2147483647;
			files = (
				EDA3845619F97D3B0006A016 /* HazirlikAppTests.swift in Sources */,
			);
			runOnlyForDeploymentPostprocessing = 0;
		};
/* End PBXSourcesBuildPhase section */

/* Begin PBXTargetDependency section */
		EDA3845119F97D3B0006A016 /* PBXTargetDependency */ = {
			isa = PBXTargetDependency;
			target = EDA3843619F97D3A0006A016 /* HazirlikApp */;
			targetProxy = EDA3845019F97D3B0006A016 /* PBXContainerItemProxy */;
		};
/* End PBXTargetDependency section */

/* Begin PBXVariantGroup section */
		EDA3844319F97D3A0006A016 /* Main.storyboard */ = {
			isa = PBXVariantGroup;
			children = (
				EDA3844419F97D3A0006A016 /* Base */,
			);
			name = Main.storyboard;
			sourceTree = "<group>";
		};
		EDA3844819F97D3A0006A016 /* LaunchScreen.xib */ = {
			isa = PBXVariantGroup;
			children = (
				EDA3844919F97D3A0006A016 /* Base */,
			);
			name = LaunchScreen.xib;
			sourceTree = "<group>";
		};
/* End PBXVariantGroup section */

/* Begin XCBuildConfiguration section */
		EDA3845719F97D3B0006A016 /* Debug */ = {
			isa = XCBuildConfiguration;
			buildSettings = {
				ALWAYS_SEARCH_USER_PATHS = NO;
				CLANG_CXX_LANGUAGE_STANDARD = "gnu++0x";
				CLANG_CXX_LIBRARY = "libc++";
				CLANG_ENABLE_MODULES = YES;
				CLANG_ENABLE_OBJC_ARC = YES;
				CLANG_WARN_BOOL_CONVERSION = YES;
				CLANG_WARN_CONSTANT_CONVERSION = YES;
				CLANG_WARN_DIRECT_OBJC_ISA_USAGE = YES_ERROR;
				CLANG_WARN_EMPTY_BODY = YES;
				CLANG_WARN_ENUM_CONVERSION = YES;
				CLANG_WARN_INT_CONVERSION = YES;
				CLANG_WARN_OBJC_ROOT_CLASS = YES_ERROR;
				CLANG_WARN_UNREACHABLE_CODE = YES;
				CLANG_WARN__DUPLICATE_METHOD_MATCH = YES;
				"CODE_SIGN_IDENTITY[sdk=iphoneos*]" = "iPhone Developer";
				COPY_PHASE_STRIP = NO;
				ENABLE_STRICT_OBJC_MSGSEND = YES;
				GCC_C_LANGUAGE_STANDARD = gnu99;
				GCC_DYNAMIC_NO_PIC = NO;
				GCC_OPTIMIZATION_LEVEL = 0;
				GCC_PREPROCESSOR_DEFINITIONS = (
					"DEBUG=1",
					"$(inherited)",
				);
				GCC_SYMBOLS_PRIVATE_EXTERN = NO;
				GCC_WARN_64_TO_32_BIT_CONVERSION = YES;
				GCC_WARN_ABOUT_RETURN_TYPE = YES_ERROR;
				GCC_WARN_UNDECLARED_SELECTOR = YES;
				GCC_WARN_UNINITIALIZED_AUTOS = YES_AGGRESSIVE;
				GCC_WARN_UNUSED_FUNCTION = YES;
				GCC_WARN_UNUSED_VARIABLE = YES;
				IPHONEOS_DEPLOYMENT_TARGET = 8.1;
				MTL_ENABLE_DEBUG_INFO = YES;
				ONLY_ACTIVE_ARCH = YES;
				SDKROOT = iphoneos;
				SWIFT_OPTIMIZATION_LEVEL = "-Onone";
				TARGETED_DEVICE_FAMILY = "1,2";
			};
			name = Debug;
		};
		EDA3845819F97D3B0006A016 /* Release */ = {
			isa = XCBuildConfiguration;
			buildSettings = {
				ALWAYS_SEARCH_USER_PATHS = NO;
				CLANG_CXX_LANGUAGE_STANDARD = "gnu++0x";
				CLANG_CXX_LIBRARY = "libc++";
				CLANG_ENABLE_MODULES = YES;
				CLANG_ENABLE_OBJC_ARC = YES;
				CLANG_WARN_BOOL_CONVERSION = YES;
				CLANG_WARN_CONSTANT_CONVERSION = YES;
				CLANG_WARN_DIRECT_OBJC_ISA_USAGE = YES_ERROR;
				CLANG_WARN_EMPTY_BODY = YES;
				CLANG_WARN_ENUM_CONVERSION = YES;
				CLANG_WARN_INT_CONVERSION = YES;
				CLANG_WARN_OBJC_ROOT_CLASS = YES_ERROR;
				CLANG_WARN_UNREACHABLE_CODE = YES;
				CLANG_WARN__DUPLICATE_METHOD_MATCH = YES;
				"CODE_SIGN_IDENTITY[sdk=iphoneos*]" = "iPhone Developer";
				COPY_PHASE_STRIP = YES;
				ENABLE_NS_ASSERTIONS = NO;
				ENABLE_STRICT_OBJC_MSGSEND = YES;
				GCC_C_LANGUAGE_STANDARD = gnu99;
				GCC_WARN_64_TO_32_BIT_CONVERSION = YES;
				GCC_WARN_ABOUT_RETURN_TYPE = YES_ERROR;
				GCC_WARN_UNDECLARED_SELECTOR = YES;
				GCC_WARN_UNINITIALIZED_AUTOS = YES_AGGRESSIVE;
				GCC_WARN_UNUSED_FUNCTION = YES;
				GCC_WARN_UNUSED_VARIABLE = YES;
				IPHONEOS_DEPLOYMENT_TARGET = 8.1;
				MTL_ENABLE_DEBUG_INFO = NO;
				SDKROOT = iphoneos;
				TARGETED_DEVICE_FAMILY = "1,2";
				VALIDATE_PRODUCT = YES;
			};
			name = Release;
		};
		EDA3845A19F97D3B0006A016 /* Debug */ = {
			isa = XCBuildConfiguration;
			buildSettings = {
				ASSETCATALOG_COMPILER_APPICON_NAME = AppIcon;
				INFOPLIST_FILE = HazirlikApp/Info.plist;
				LD_RUNPATH_SEARCH_PATHS = "$(inherited) @executable_path/Frameworks";
				PRODUCT_NAME = "$(TARGET_NAME)";
			};
			name = Debug;
		};
		EDA3845B19F97D3B0006A016 /* Release */ = {
			isa = XCBuildConfiguration;
			buildSettings = {
				ASSETCATALOG_COMPILER_APPICON_NAME = AppIcon;
				INFOPLIST_FILE = HazirlikApp/Info.plist;
				LD_RUNPATH_SEARCH_PATHS = "$(inherited) @executable_path/Frameworks";
				PRODUCT_NAME = "$(TARGET_NAME)";
			};
			name = Release;
		};
		EDA3845D19F97D3B0006A016 /* Debug */ = {
			isa = XCBuildConfiguration;
			buildSettings = {
				BUNDLE_LOADER = "$(TEST_HOST)";
				FRAMEWORK_SEARCH_PATHS = (
					"$(SDKROOT)/Developer/Library/Frameworks",
					"$(inherited)",
				);
				GCC_PREPROCESSOR_DEFINITIONS = (
					"DEBUG=1",
					"$(inherited)",
				);
				INFOPLIST_FILE = HazirlikAppTests/Info.plist;
				LD_RUNPATH_SEARCH_PATHS = "$(inherited) @executable_path/Frameworks @loader_path/Frameworks";
				PRODUCT_NAME = "$(TARGET_NAME)";
				TEST_HOST = "$(BUILT_PRODUCTS_DIR)/HazirlikApp.app/HazirlikApp";
			};
			name = Debug;
		};
		EDA3845E19F97D3B0006A016 /* Release */ = {
			isa = XCBuildConfiguration;
			buildSettings = {
				BUNDLE_LOADER = "$(TEST_HOST)";
				FRAMEWORK_SEARCH_PATHS = (
					"$(SDKROOT)/Developer/Library/Frameworks",
					"$(inherited)",
				);
				INFOPLIST_FILE = HazirlikAppTests/Info.plist;
				LD_RUNPATH_SEARCH_PATHS = "$(inherited) @executable_path/Frameworks @loader_path/Frameworks";
				PRODUCT_NAME = "$(TARGET_NAME)";
				TEST_HOST = "$(BUILT_PRODUCTS_DIR)/HazirlikApp.app/HazirlikApp";
			};
			name = Release;
		};
/* End XCBuildConfiguration section */

/* Begin XCConfigurationList section */
		EDA3843219F97D3A0006A016 /* Build configuration list for PBXProject "HazirlikApp" */ = {
			isa = XCConfigurationList;
			buildConfigurations = (
				EDA3845719F97D3B0006A016 /* Debug */,
				EDA3845819F97D3B0006A016 /* Release */,
			);
			defaultConfigurationIsVisible = 0;
			defaultConfigurationName = Release;
		};
		EDA3845919F97D3B0006A016 /* Build configuration list for PBXNativeTarget "HazirlikApp" */ = {
			isa = XCConfigurationList;
			buildConfigurations = (
				EDA3845A19F97D3B0006A016 /* Debug */,
				EDA3845B19F97D3B0006A016 /* Release */,
			);
			defaultConfigurationIsVisible = 0;
			defaultConfigurationName = Release;
		};
		EDA3845C19F97D3B0006A016 /* Build configuration list for PBXNativeTarget "HazirlikAppTests" */ = {
			isa = XCConfigurationList;
			buildConfigurations = (
				EDA3845D19F97D3B0006A016 /* Debug */,
				EDA3845E19F97D3B0006A016 /* Release */,
			);
			defaultConfigurationIsVisible = 0;
			defaultConfigurationName = Release;
		};
/* End XCConfigurationList section */

/* Begin XCVersionGroup section */
		EDA3843E19F97D3A0006A016 /* HazirlikApp.xcdatamodeld */ = {
			isa = XCVersionGroup;
			children = (
				EDA3843F19F97D3A0006A016 /* HazirlikApp.xcdatamodel */,
			);
			currentVersion = EDA3843F19F97D3A0006A016 /* HazirlikApp.xcdatamodel */;
			path = HazirlikApp.xcdatamodeld;
			sourceTree = "<group>";
			versionGroupType = wrapper.xcdatamodel;
		};
/* End XCVersionGroup section */
	};
	rootObject = EDA3842F19F97D3A0006A016 /* Project object */;
}
